{
  "version": 4,
  "terraform_version": "1.10.2",
  "serial": 11,
  "lineage": "62024aa5-f6fe-be54-c675-1e0d66caf2df",
  "outputs": {
    "kubeconfig": {
      "value": "34.131.67.43",
      "type": "string"
    }
  },
  "resources": [
    {
      "mode": "managed",
      "type": "google_container_cluster",
      "name": "primary",
      "provider": "provider[\"registry.terraform.io/hashicorp/google\"]",
      "instances": [
        {
          "schema_version": 2,
          "attributes": {
            "addons_config": [
              {
                "cloudrun_config": [],
                "config_connector_config": [],
                "dns_cache_config": [],
                "gce_persistent_disk_csi_driver_config": [
                  {
                    "enabled": true
                  }
                ],
                "gcp_filestore_csi_driver_config": [],
                "gcs_fuse_csi_driver_config": [],
                "gke_backup_agent_config": [],
                "horizontal_pod_autoscaling": [],
                "http_load_balancing": [],
                "network_policy_config": [
                  {
                    "disabled": true
                  }
                ],
                "parallelstore_csi_driver_config": [],
                "ray_operator_config": [],
                "stateful_ha_config": []
              }
            ],
            "allow_net_admin": null,
            "authenticator_groups_config": [],
            "binary_authorization": [
              {
                "enabled": false,
                "evaluation_mode": ""
              }
            ],
            "cluster_autoscaling": [
              {
                "auto_provisioning_defaults": [],
                "auto_provisioning_locations": [],
                "autoscaling_profile": "BALANCED",
                "enabled": false,
                "resource_limits": []
              }
            ],
            "cluster_ipv4_cidr": "10.100.0.0/14",
            "confidential_nodes": [],
            "control_plane_endpoints_config": [
              {
                "dns_endpoint_config": [
                  {
                    "allow_external_traffic": false,
                    "endpoint": "gke-9f6d98362f0b4eb992c43f1a45b89bda4dad-1040567833476.asia-south2.gke.goog"
                  }
                ]
              }
            ],
            "cost_management_config": [],
            "database_encryption": [
              {
                "key_name": "",
                "state": "DECRYPTED"
              }
            ],
            "datapath_provider": "",
            "default_max_pods_per_node": 110,
            "default_snat_status": [
              {
                "disabled": false
              }
            ],
            "deletion_protection": false,
            "description": "",
            "dns_config": [],
            "effective_labels": {
              "goog-terraform-provisioned": "true"
            },
            "enable_autopilot": false,
            "enable_cilium_clusterwide_network_policy": false,
            "enable_intranode_visibility": false,
            "enable_k8s_beta_apis": [],
            "enable_kubernetes_alpha": false,
            "enable_l4_ilb_subsetting": false,
            "enable_legacy_abac": false,
            "enable_multi_networking": false,
            "enable_shielded_nodes": true,
            "enable_tpu": false,
            "endpoint": "34.131.67.43",
            "enterprise_config": [
              {
                "cluster_tier": "STANDARD",
                "desired_tier": ""
              }
            ],
            "fleet": [],
            "gateway_api_config": [],
            "id": "projects/calcium-blend-444112-h5/locations/asia-south2/clusters/newest-kubernetes-cluster",
            "identity_service_config": [],
            "initial_node_count": 1,
            "ip_allocation_policy": [
              {
                "additional_pod_ranges_config": [],
                "cluster_ipv4_cidr_block": "10.100.0.0/14",
                "cluster_secondary_range_name": "gke-newest-kubernetes-cluster-pods-9f6d9836",
                "pod_cidr_overprovision_config": [
                  {
                    "disabled": false
                  }
                ],
                "services_ipv4_cidr_block": "34.118.224.0/20",
                "services_secondary_range_name": "",
                "stack_type": "IPV4"
              }
            ],
            "label_fingerprint": "78cdf2f6",
            "location": "asia-south2",
            "logging_config": [
              {
                "enable_components": [
                  "SYSTEM_COMPONENTS",
                  "WORKLOADS"
                ]
              }
            ],
            "logging_service": "logging.googleapis.com/kubernetes",
            "maintenance_policy": [],
            "master_auth": [
              {
                "client_certificate": "",
                "client_certificate_config": [
                  {
                    "issue_client_certificate": false
                  }
                ],
                "client_key": "",
                "cluster_ca_certificate": "LS0tLS1CRUdJTiBDRVJUSUZJQ0FURS0tLS0tCk1JSUVMVENDQXBXZ0F3SUJBZ0lSQU1IYzB6UDUwQi9HUXg4NUN4RGlLUWd3RFFZSktvWklodmNOQVFFTEJRQXcKTHpFdE1Dc0dBMVVFQXhNa1lXRmlZMlEyTnpBdFlqaGxOeTAwTURNekxUZzBNREl0Wm1OaU5qZzBabUZoWVRrMApNQ0FYRFRJMU1ERXdNekF6TlRFeU5Gb1lEekl3TlRReE1qSTNNRFExTVRJMFdqQXZNUzB3S3dZRFZRUURFeVJoCllXSmpaRFkzTUMxaU9HVTNMVFF3TXpNdE9EUXdNaTFtWTJJMk9EUm1ZV0ZoT1RRd2dnR2lNQTBHQ1NxR1NJYjMKRFFFQkFRVUFBNElCandBd2dnR0tBb0lCZ1FDbmgwWHVTWnl0cysxZGV6QVhlWW55dUdOZi9tTG1IY2RsWjk4QwpiQTBFZzhvTWZoaXV1My9aT3RuUUttVk1CbWVYenhKOTZCMGJSSU5oVHU1UU9lOHoxZ2toOFlzNkVOa25tV2EvCnB4aE5CMlp2ZHYzVGtCdmlReWlBc0FkUFpsRVBjWnhidE9hWUZXK3o3aDRsd1J2K0RqUndzWS8zTFQwR1MzZFkKYVR0bDlsdk4xMU95ZmVvdExpSUNzUWRVZThma0xsRnNGZ0lSbzJUc3NOLzhrdnRPbm9SZXRWa1JUa3F3TW1FaApiMzJRajU1RGRRWk81K3QzdXFTNUR6Q1hkRUphZlkwMFFTWEFwZnU4eXp6OTVTK0pQTUJCVjFIVzdMTzVrbmZECmZ3MWlsMnVwY2ViME9JZ0pVR2pTQ0MwdFBKYWh1cjQ4blJ4UmJ1U1oyQmpHWFc0SHFKSW1uNnV3SzVOOUtkejkKUFphd1F6cWlaUldabmlLaG43dUswUTNNamV5b3VVNnozaTczTU10YjN0dnFlc1hMd0hFblduWTM3V3ZVN1krTgplc2JraGplN1FFTlU5VzZKSWxoeTNUQ1pZNSs1Q0JGMEkwWFZtdS9oTkk5MjVtTHRvVEF4WWdwWnYrQ1J1SVlaCm5YWmEycjYvRDhSS3k3YVBoZGZlMWFySkNCVUNBd0VBQWFOQ01FQXdEZ1lEVlIwUEFRSC9CQVFEQWdJRU1BOEcKQTFVZEV3RUIvd1FGTUFNQkFmOHdIUVlEVlIwT0JCWUVGQkY1M2lPNzZPQXdsSmNVNThIZ1llUkh4VlI3TUEwRwpDU3FHU0liM0RRRUJDd1VBQTRJQmdRQXk2MzFNUnBRdHVKNmJ5N2dKTFNCVG9PbmNWeVlQeEZMQnk0YTFBdS82Ck13SlpaWlFGTHNmVjVlYzBnN1EzS0J2VURsSE5NS1NnWWlUbnVoc1VPTDkxSEdTQXMzS3ZFYy9aak1PZkVaUzcKQ2dQSDJCak9LU1gzQno0azYxSE1MbExGU0ZxY291UkxtSytvZVNva2cvZEJTU25rMzNweU5GWXJwQWRHN1kxawo3WEYrQXFHb3ViYnpqWTdOMC9ScXU0L0hwaDF5cXVYMjRkS0Zlb1pIL0taTHorOUMzRjRrUGNzTUNBWEtWZW1zCk1MaHZHTCt5U1ROT3JDTFJRdHB6eWY4UlJwY1ROVHBCYWFsdUNNWG1JaWJyWFp1eXp5NFhBcUNhYXg5WDlsNnQKOFVkNXJhYmIvM2RqeEJqcUVkY281UHZIbDgxenZkU2lhUHFHNzBwVUdrNGJJbk9ya2YxVmNzY2xrZWZsV2R4ZApXVzRJN245cmhHWlBkbkdKenRHRkF5TmpGK2lncjhFem9nYnZ6TnpBMGg1UU5RbzlIUmtjRUNYNXFzbTAyKzlnCk14Zk5vNkl0NXJhSDZwZXNyVmZPL2luUXpLQUlTNjdCZ2lIQndSRWVIbmNHRjkrbkpEeldBZFA3N1BuZHBkd0UKS0l5SWkySUZSd3ppY3AvM2xBbWJ1ZWM9Ci0tLS0tRU5EIENFUlRJRklDQVRFLS0tLS0K"
              }
            ],
            "master_authorized_networks_config": [],
            "master_version": "1.30.6-gke.1125000",
            "mesh_certificates": [],
            "min_master_version": null,
            "monitoring_config": [
              {
                "advanced_datapath_observability_config": [
                  {
                    "enable_metrics": false,
                    "enable_relay": false
                  }
                ],
                "enable_components": [
                  "SYSTEM_COMPONENTS",
                  "STATEFULSET",
                  "STORAGE",
                  "HPA",
                  "POD",
                  "DAEMONSET",
                  "DEPLOYMENT",
                  "CADVISOR",
                  "KUBELET"
                ],
                "managed_prometheus": [
                  {
                    "enabled": true
                  }
                ]
              }
            ],
            "monitoring_service": "monitoring.googleapis.com/kubernetes",
            "name": "newest-kubernetes-cluster",
            "network": "projects/calcium-blend-444112-h5/global/networks/default",
            "network_policy": [
              {
                "enabled": false,
                "provider": "PROVIDER_UNSPECIFIED"
              }
            ],
            "networking_mode": "VPC_NATIVE",
            "node_config": [
              {
                "advanced_machine_features": [],
                "boot_disk_kms_key": "",
                "confidential_nodes": [],
                "containerd_config": [],
                "disk_size_gb": 10,
                "disk_type": "pd-balanced",
                "effective_taints": [],
                "enable_confidential_storage": false,
                "ephemeral_storage_local_ssd_config": [],
                "fast_socket": [],
                "gcfs_config": [],
                "guest_accelerator": [],
                "gvnic": [],
                "host_maintenance_policy": [],
                "image_type": "COS_CONTAINERD",
                "kubelet_config": [
                  {
                    "cpu_cfs_quota": false,
                    "cpu_cfs_quota_period": "",
                    "cpu_manager_policy": "",
                    "insecure_kubelet_readonly_port_enabled": "TRUE",
                    "pod_pids_limit": 0
                  }
                ],
                "labels": {},
                "linux_node_config": [],
                "local_nvme_ssd_block_config": [],
                "local_ssd_count": 0,
                "local_ssd_encryption_mode": "",
                "logging_variant": "DEFAULT",
                "machine_type": "e2-medium",
                "metadata": {
                  "disable-legacy-endpoints": "true"
                },
                "min_cpu_platform": "",
                "node_group": "",
                "oauth_scopes": [
                  "https://www.googleapis.com/auth/devstorage.read_only",
                  "https://www.googleapis.com/auth/logging.write",
                  "https://www.googleapis.com/auth/monitoring",
                  "https://www.googleapis.com/auth/service.management.readonly",
                  "https://www.googleapis.com/auth/servicecontrol",
                  "https://www.googleapis.com/auth/trace.append"
                ],
                "preemptible": false,
                "reservation_affinity": [],
                "resource_labels": null,
                "resource_manager_tags": null,
                "secondary_boot_disks": [],
                "service_account": "default",
                "shielded_instance_config": [
                  {
                    "enable_integrity_monitoring": true,
                    "enable_secure_boot": false
                  }
                ],
                "sole_tenant_config": [],
                "spot": false,
                "storage_pools": null,
                "tags": null,
                "taint": [],
                "workload_metadata_config": []
              }
            ],
            "node_locations": [
              "asia-south2-a",
              "asia-south2-b",
              "asia-south2-c"
            ],
            "node_pool": [
              {
                "autoscaling": [],
                "initial_node_count": 1,
                "instance_group_urls": [
                  "https://www.googleapis.com/compute/v1/projects/calcium-blend-444112-h5/zones/asia-south2-b/instanceGroupManagers/gke-newest-kubernetes-cl-default-pool-87bf3a00-grp",
                  "https://www.googleapis.com/compute/v1/projects/calcium-blend-444112-h5/zones/asia-south2-a/instanceGroupManagers/gke-newest-kubernetes-cl-default-pool-ed828a9e-grp",
                  "https://www.googleapis.com/compute/v1/projects/calcium-blend-444112-h5/zones/asia-south2-c/instanceGroupManagers/gke-newest-kubernetes-cl-default-pool-a0802376-grp"
                ],
                "managed_instance_group_urls": [
                  "https://www.googleapis.com/compute/v1/projects/calcium-blend-444112-h5/zones/asia-south2-b/instanceGroups/gke-newest-kubernetes-cl-default-pool-87bf3a00-grp",
                  "https://www.googleapis.com/compute/v1/projects/calcium-blend-444112-h5/zones/asia-south2-a/instanceGroups/gke-newest-kubernetes-cl-default-pool-ed828a9e-grp",
                  "https://www.googleapis.com/compute/v1/projects/calcium-blend-444112-h5/zones/asia-south2-c/instanceGroups/gke-newest-kubernetes-cl-default-pool-a0802376-grp"
                ],
                "management": [
                  {
                    "auto_repair": true,
                    "auto_upgrade": true
                  }
                ],
                "max_pods_per_node": 110,
                "name": "default-pool",
                "name_prefix": "",
                "network_config": [
                  {
                    "additional_node_network_configs": [],
                    "additional_pod_network_configs": [],
                    "create_pod_range": false,
                    "enable_private_nodes": false,
                    "network_performance_config": [],
                    "pod_cidr_overprovision_config": [],
                    "pod_ipv4_cidr_block": "10.100.0.0/14",
                    "pod_range": "gke-newest-kubernetes-cluster-pods-9f6d9836"
                  }
                ],
                "node_config": [
                  {
                    "advanced_machine_features": [],
                    "boot_disk_kms_key": "",
                    "confidential_nodes": [],
                    "containerd_config": [],
                    "disk_size_gb": 10,
                    "disk_type": "pd-balanced",
                    "effective_taints": [],
                    "enable_confidential_storage": false,
                    "ephemeral_storage_local_ssd_config": [],
                    "fast_socket": [],
                    "gcfs_config": [],
                    "guest_accelerator": [],
                    "gvnic": [],
                    "host_maintenance_policy": [],
                    "image_type": "COS_CONTAINERD",
                    "kubelet_config": [
                      {
                        "cpu_cfs_quota": false,
                        "cpu_cfs_quota_period": "",
                        "cpu_manager_policy": "",
                        "insecure_kubelet_readonly_port_enabled": "TRUE",
                        "pod_pids_limit": 0
                      }
                    ],
                    "labels": {},
                    "linux_node_config": [],
                    "local_nvme_ssd_block_config": [],
                    "local_ssd_count": 0,
                    "local_ssd_encryption_mode": "",
                    "logging_variant": "DEFAULT",
                    "machine_type": "e2-medium",
                    "metadata": {
                      "disable-legacy-endpoints": "true"
                    },
                    "min_cpu_platform": "",
                    "node_group": "",
                    "oauth_scopes": [
                      "https://www.googleapis.com/auth/devstorage.read_only",
                      "https://www.googleapis.com/auth/logging.write",
                      "https://www.googleapis.com/auth/monitoring",
                      "https://www.googleapis.com/auth/service.management.readonly",
                      "https://www.googleapis.com/auth/servicecontrol",
                      "https://www.googleapis.com/auth/trace.append"
                    ],
                    "preemptible": false,
                    "reservation_affinity": [],
                    "resource_labels": {},
                    "resource_manager_tags": {},
                    "secondary_boot_disks": [],
                    "service_account": "default",
                    "shielded_instance_config": [
                      {
                        "enable_integrity_monitoring": true,
                        "enable_secure_boot": false
                      }
                    ],
                    "sole_tenant_config": [],
                    "spot": false,
                    "storage_pools": [],
                    "tags": [],
                    "taint": [],
                    "workload_metadata_config": []
                  }
                ],
                "node_count": 1,
                "node_locations": [
                  "asia-south2-a",
                  "asia-south2-b",
                  "asia-south2-c"
                ],
                "placement_policy": [],
                "queued_provisioning": [],
                "upgrade_settings": [
                  {
                    "blue_green_settings": [],
                    "max_surge": 1,
                    "max_unavailable": 0,
                    "strategy": "SURGE"
                  }
                ],
                "version": "1.30.6-gke.1125000"
              }
            ],
            "node_pool_auto_config": [],
            "node_pool_defaults": [
              {
                "node_config_defaults": [
                  {
                    "containerd_config": [],
                    "gcfs_config": [],
                    "insecure_kubelet_readonly_port_enabled": "FALSE",
                    "logging_variant": "DEFAULT"
                  }
                ]
              }
            ],
            "node_version": "1.30.6-gke.1125000",
            "notification_config": [
              {
                "pubsub": [
                  {
                    "enabled": false,
                    "filter": [],
                    "topic": ""
                  }
                ]
              }
            ],
            "operation": null,
            "private_cluster_config": [
              {
                "enable_private_endpoint": false,
                "enable_private_nodes": false,
                "master_global_access_config": [
                  {
                    "enabled": false
                  }
                ],
                "master_ipv4_cidr_block": "",
                "peering_name": "",
                "private_endpoint": "10.190.0.2",
                "private_endpoint_subnetwork": "",
                "public_endpoint": "34.131.67.43"
              }
            ],
            "private_ipv6_google_access": "",
            "project": "calcium-blend-444112-h5",
            "release_channel": [
              {
                "channel": "REGULAR"
              }
            ],
            "remove_default_node_pool": null,
            "resource_labels": null,
            "resource_usage_export_config": [],
            "secret_manager_config": [
              {
                "enabled": false
              }
            ],
            "security_posture_config": [
              {
                "mode": "BASIC",
                "vulnerability_mode": "VULNERABILITY_MODE_UNSPECIFIED"
              }
            ],
            "self_link": "https://container.googleapis.com/v1/projects/calcium-blend-444112-h5/locations/asia-south2/clusters/newest-kubernetes-cluster",
            "service_external_ips_config": [
              {
                "enabled": false
              }
            ],
            "services_ipv4_cidr": "34.118.224.0/20",
            "subnetwork": "projects/calcium-blend-444112-h5/regions/asia-south2/subnetworks/default",
            "terraform_labels": {
              "goog-terraform-provisioned": "true"
            },
            "timeouts": null,
            "tpu_ipv4_cidr_block": "",
            "user_managed_keys_config": [],
            "vertical_pod_autoscaling": [],
            "workload_identity_config": []
          },
          "sensitive_attributes": [
            [
              {
                "type": "get_attr",
                "value": "master_auth"
              },
              {
                "type": "index",
                "value": {
                  "value": 0,
                  "type": "number"
                }
              },
              {
                "type": "get_attr",
                "value": "client_key"
              }
            ]
          ],
          "private": "eyJlMmJmYjczMC1lY2FhLTExZTYtOGY4OC0zNDM2M2JjN2M0YzAiOnsiY3JlYXRlIjoyNDAwMDAwMDAwMDAwLCJkZWxldGUiOjI0MDAwMDAwMDAwMDAsInJlYWQiOjI0MDAwMDAwMDAwMDAsInVwZGF0ZSI6MzYwMDAwMDAwMDAwMH0sInNjaGVtYV92ZXJzaW9uIjoiMiJ9"
        }
      ]
    },
    {
      "mode": "managed",
      "type": "helm_release",
      "name": "exp-app",
      "provider": "provider[\"registry.terraform.io/hashicorp/helm\"]",
      "instances": [
        {
          "status": "tainted",
          "schema_version": 1,
          "attributes": {
            "atomic": false,
            "chart": "../project/K8s",
            "cleanup_on_fail": false,
            "create_namespace": false,
            "dependency_update": false,
            "description": null,
            "devel": null,
            "disable_crd_hooks": false,
            "disable_openapi_validation": false,
            "disable_webhooks": false,
            "force_update": false,
            "id": "exp-app",
            "keyring": null,
            "lint": false,
            "manifest": null,
            "max_history": 0,
            "metadata": [
              {
                "app_version": "1.16.0",
                "chart": "K8s",
                "first_deployed": 1735879878,
                "last_deployed": 1735879878,
                "name": "exp-app",
                "namespace": "default",
                "notes": "1. Get the application URL by running these commands:\n  http://exp-app.local/\n",
                "revision": 1,
                "values": "{\"affinity\":{},\"image\":{\"pullPolicy\":\"IfNotPresent\",\"repository\":\"tanees012/exp-app\",\"tag\":\"latest\"},\"ingress\":{\"enabled\":true,\"hosts\":[{\"host\":\"exp-app.local\",\"paths\":[{\"path\":\"/\",\"pathType\":\"Prefix\"}]}]},\"nodeSelector\":{},\"replicaCount\":2,\"resources\":{},\"secret\":{\"password\":\"securepassword\",\"username\":\"admin\"},\"service\":{\"port\":80,\"type\":\"LoadBalancer\"},\"tolerations\":[]}",
                "version": "0.1.0"
              }
            ],
            "name": "exp-app",
            "namespace": "default",
            "pass_credentials": false,
            "postrender": [],
            "recreate_pods": false,
            "render_subchart_notes": true,
            "replace": false,
            "repository": null,
            "repository_ca_file": null,
            "repository_cert_file": null,
            "repository_key_file": null,
            "repository_password": null,
            "repository_username": null,
            "reset_values": false,
            "reuse_values": false,
            "set": [],
            "set_list": [],
            "set_sensitive": [],
            "skip_crds": false,
            "status": "failed",
            "timeout": 600,
            "upgrade_install": null,
            "values": [
              "replicaCount: 2\n\nimage:\n  repository: tanees012/exp-app\n  tag: latest\n  pullPolicy: IfNotPresent\n\ningress:\n  enabled: true\n  hosts:\n    - host: exp-app.local\n      paths:\n        - path: /\n          pathType: Prefix\n          \nsecret:\n  username: admin\n  password: securepassword\n  \nservice:\n  type: LoadBalancer\n  port: 80\n\n\nresources: {}\nnodeSelector: {}\ntolerations: []\naffinity: {}\n\n"
            ],
            "verify": false,
            "version": "0.1.0",
            "wait": true,
            "wait_for_jobs": false
          },
          "sensitive_attributes": [
            [
              {
                "type": "get_attr",
                "value": "repository_password"
              }
            ]
          ],
          "private": "eyJzY2hlbWFfdmVyc2lvbiI6IjEifQ=="
        }
      ]
    }
  ],
  "check_results": null
}
